
Microsoft Visual Studio Solution File, Format Version 12.00
# Visual Studio Version 17
VisualStudioVersion = 17.14.37012.4 d17.14
MinimumVisualStudioVersion = 10.0.40219.1
Project("{FAE04EC0-301F-11D3-BF4B-00C04F79EFBC}") = "TallerEF", "TallerEF\TallerEF.csproj", "{BD93142D-6C76-4403-8953-A299E4A66E40}"
EndProject
Global
	GlobalSection(SolutionConfigurationPlatforms) = preSolution
		Debug|Any CPU = Debug|Any CPU
		Release|Any CPU = Release|Any CPU
	EndGlobalSection
	GlobalSection(ProjectConfigurationPlatforms) = postSolution
		{BD93142D-6C76-4403-8953-A299E4A66E40}.Debug|Any CPU.ActiveCfg = Debug|Any CPU
		{BD93142D-6C76-4403-8953-A299E4A66E40}.Debug|Any CPU.Build.0 = Debug|Any CPU
		{BD93142D-6C76-4403-8953-A299E4A66E40}.Release|Any CPU.ActiveCfg = Release|Any CPU
		{BD93142D-6C76-4403-8953-A299E4A66E40}.Release|Any CPU.Build.0 = Release|Any CPU
	EndGlobalSection
	GlobalSection(SolutionProperties) = preSolution
		HideSolutionNode = FALSE
	EndGlobalSection
	GlobalSection(ExtensibilityGlobals) = postSolution
		SolutionGuid = {4B656D9C-53E7-4661-A254-6D5C4B9A32F1}
	EndGlobalSection
EndGlobal
